// !$*UTF8*$!
{
	archiveVersion = 1;
	classes = {
	};
	objectVersion = 55;
	objects = {

/* Begin PBXBuildFile section */
		F5119A5E27EED46300FEF9AC /* CustomTabBarApp.swift in Sources */ = {isa = PBXBuildFile; fileRef = F5119A5D27EED46300FEF9AC /* CustomTabBarApp.swift */; };
		F5119A6227EED46700FEF9AC /* Assets.xcassets in Resources */ = {isa = PBXBuildFile; fileRef = F5119A6127EED46700FEF9AC /* Assets.xcassets */; };
		F5119A6527EED46700FEF9AC /* Preview Assets.xcassets in Resources */ = {isa = PBXBuildFile; fileRef = F5119A6427EED46700FEF9AC /* Preview Assets.xcassets */; };
		F5119A6C27EED57000FEF9AC /* TabBar.swift in Sources */ = {isa = PBXBuildFile; fileRef = F5119A6B27EED57000FEF9AC /* TabBar.swift */; };
		F5119A6E27EEECFA00FEF9AC /* Tab.swift in Sources */ = {isa = PBXBuildFile; fileRef = F5119A6D27EEECFA00FEF9AC /* Tab.swift */; };
		F5119A7027EEF65300FEF9AC /* Styles.swift in Sources */ = {isa = PBXBuildFile; fileRef = F5119A6F27EEF65300FEF9AC /* Styles.swift */; };
		F5119A7227EEFBA300FEF9AC /* HomeView.swift in Sources */ = {isa = PBXBuildFile; fileRef = F5119A7127EEFBA300FEF9AC /* HomeView.swift */; };
		F5119A7427EEFBCA00FEF9AC /* CalendarView.swift in Sources */ = {isa = PBXBuildFile; fileRef = F5119A7327EEFBCA00FEF9AC /* CalendarView.swift */; };
		F5119A7627EEFBF200FEF9AC /* NotificationsView.swift in Sources */ = {isa = PBXBuildFile; fileRef = F5119A7527EEFBF200FEF9AC /* NotificationsView.swift */; };
		F5119A7827EEFC1B00FEF9AC /* ProfileView.swift in Sources */ = {isa = PBXBuildFile; fileRef = F5119A7727EEFC1B00FEF9AC /* ProfileView.swift */; };
		F5119A7A27EEFE4800FEF9AC /* TabClipperShape.swift in Sources */ = {isa = PBXBuildFile; fileRef = F5119A7927EEFE4800FEF9AC /* TabClipperShape.swift */; };
/* End PBXBuildFile section */

/* Begin PBXFileReference section */
		F5119A5A27EED46300FEF9AC /* CustomTabBar.app */ = {isa = PBXFileReference; explicitFileType = wrapper.application; includeInIndex = 0; path = CustomTabBar.app; sourceTree = BUILT_PRODUCTS_DIR; };
		F5119A5D27EED46300FEF9AC /* CustomTabBarApp.swift */ = {isa = PBXFileReference; lastKnownFileType = sourcecode.swift; path = CustomTabBarApp.swift; sourceTree = "<group>"; };
		F5119A6127EED46700FEF9AC /* Assets.xcassets */ = {isa = PBXFileReference; lastKnownFileType = folder.assetcatalog; path = Assets.xcassets; sourceTree = "<group>"; };
		F5119A6427EED46700FEF9AC /* Preview Assets.xcassets */ = {isa = PBXFileReference; lastKnownFileType = folder.assetcatalog; path = "Preview Assets.xcassets"; sourceTree = "<group>"; };
		F5119A6B27EED57000FEF9AC /* TabBar.swift */ = {isa = PBXFileReference; lastKnownFileType = sourcecode.swift; path = TabBar.swift; sourceTree = "<group>"; };
		F5119A6D27EEECFA00FEF9AC /* Tab.swift */ = {isa = PBXFileReference; lastKnownFileType = sourcecode.swift; path = Tab.swift; sourceTree = "<group>"; };
		F5119A6F27EEF65300FEF9AC /* Styles.swift */ = {isa = PBXFileReference; lastKnownFileType = sourcecode.swift; path = Styles.swift; sourceTree = "<group>"; };
		F5119A7127EEFBA300FEF9AC /* HomeView.swift */ = {isa = PBXFileReference; lastKnownFileType = sourcecode.swift; path = HomeView.swift; sourceTree = "<group>"; };
		F5119A7327EEFBCA00FEF9AC /* CalendarView.swift */ = {isa = PBXFileReference; lastKnownFileType = sourcecode.swift; path = CalendarView.swift; sourceTree = "<group>"; };
		F5119A7527EEFBF200FEF9AC /* NotificationsView.swift */ = {isa = PBXFileReference; lastKnownFileType = sourcecode.swift; path = NotificationsView.swift; sourceTree = "<group>"; };
		F5119A7727EEFC1B00FEF9AC /* ProfileView.swift */ = {isa = PBXFileReference; lastKnownFileType = sourcecode.swift; path = ProfileView.swift; sourceTree = "<group>"; };
		F5119A7927EEFE4800FEF9AC /* TabClipperShape.swift */ = {isa = PBXFileReference; lastKnownFileType = sourcecode.swift; path = TabClipperShape.swift; sourceTree = "<group>"; };
/* End PBXFileReference section */

/* Begin PBXFrameworksBuildPhase section */
		F5119A5727EED46300FEF9AC /* Frameworks */ = {
			isa = PBXFrameworksBuildPhase;
			buildActionMask = 2147483647;
			files = (
			);
			runOnlyForDeploymentPostprocessing = 0;
		};
/* End PBXFrameworksBuildPhase section */

/* Begin PBXGroup section */
		F5119A5127EED46300FEF9AC = {
			isa = PBXGroup;
			children = (
				F5119A5C27EED46300FEF9AC /* CustomTabBar */,
				F5119A5B27EED46300FEF9AC /* Products */,
			);
			sourceTree = "<group>";
		};
		F5119A5B27EED46300FEF9AC /* Products */ = {
			isa = PBXGroup;
			children = (
				F5119A5A27EED46300FEF9AC /* CustomTabBar.app */,
			);
			name = Products;
			sourceTree = "<group>";
		};
		F5119A5C27EED46300FEF9AC /* CustomTabBar */ = {
			isa = PBXGroup;
			children = (
				F5119A5D27EED46300FEF9AC /* CustomTabBarApp.swift */,
				F5119A7927EEFE4800FEF9AC /* TabClipperShape.swift */,
				F5119A6B27EED57000FEF9AC /* TabBar.swift */,
				F5119A7127EEFBA300FEF9AC /* HomeView.swift */,
				F5119A7327EEFBCA00FEF9AC /* CalendarView.swift */,
				F5119A7527EEFBF200FEF9AC /* NotificationsView.swift */,
				F5119A7727EEFC1B00FEF9AC /* ProfileView.swift */,
				F5119A6D27EEECFA00FEF9AC /* Tab.swift */,
				F5119A6F27EEF65300FEF9AC /* Styles.swift */,
				F5119A6127EED46700FEF9AC /* Assets.xcassets */,
				F5119A6327EED46700FEF9AC /* Preview Content */,
			);
			path = CustomTabBar;
			sourceTree = "<group>";
		};
		F5119A6327EED46700FEF9AC /* Preview Content */ = {
			isa = PBXGroup;
			children = (
				F5119A6427EED46700FEF9AC /* Preview Assets.xcassets */,
			);
			path = "Preview Content";
			sourceTree = "<group>";
		};
/* End PBXGroup section */

/* Begin PBXNativeTarget section */
		F5119A5927EED46300FEF9AC /* CustomTabBar */ = {
			isa = PBXNativeTarget;
			buildConfigurationList = F5119A6827EED46700FEF9AC /* Build configuration list for PBXNativeTarget "CustomTabBar" */;
			buildPhases = (
				F5119A5627EED46300FEF9AC /* Sources */,
				F5119A5727EED46300FEF9AC /* Frameworks */,
				F5119A5827EED46300FEF9AC /* Resources */,
			);
			buildRules = (
			);
			dependencies = (
			);
			name = CustomTabBar;
			productName = CustomTabBar;
			productReference = F5119A5A27EED46300FEF9AC /* CustomTabBar.app */;
			productType = "com.apple.product-type.application";
		};
/* End PBXNativeTarget section */

/* Begin PBXProject section */
		F5119A5227EED46300FEF9AC /* Project object */ = {
			isa = PBXProject;
			attributes = {
				BuildIndependentTargetsInParallel = 1;
				LastSwiftUpdateCheck = 1330;
				LastUpgradeCheck = 1330;
				TargetAttributes = {
					F5119A5927EED46300FEF9AC = {
						CreatedOnToolsVersion = 13.3;
					};
				};
			};
			buildConfigurationList = F5119A5527EED46300FEF9AC /* Build configuration list for PBXProject "CustomTabBar" */;
			compatibilityVersion = "Xcode 13.0";
			developmentRegion = en;
			hasScannedForEncodings = 0;
			knownRegions = (
				en,
				Base,
			);
			mainGroup = F5119A5127EED46300FEF9AC;
			productRefGroup = F5119A5B27EED46300FEF9AC /* Products */;
			projectDirPath = "";
			projectRoot = "";
			targets = (
				F5119A5927EED46300FEF9AC /* CustomTabBar */,
			);
		};
/* End PBXProject section */

/* Begin PBXResourcesBuildPhase section */
		F5119A5827EED46300FEF9AC /* Resources */ = {
			isa = PBXResourcesBuildPhase;
			buildActionMask = 2147483647;
			files = (
				F5119A6527EED46700FEF9AC /* Preview Assets.xcassets in Resources */,
				F5119A6227EED46700FEF9AC /* Assets.xcassets in Resources */,
			);
			runOnlyForDeploymentPostprocessing = 0;
		};
/* End PBXResourcesBuildPhase section */

/* Begin PBXSourcesBuildPhase section */
		F5119A5627EED46300FEF9AC /* Sources */ = {
			isa = PBXSourcesBuildPhase;
			buildActionMask = 2147483647;
			files = (
				F5119A6C27EED57000FEF9AC /* TabBar.swift in Sources */,
				F5119A7827EEFC1B00FEF9AC /* ProfileView.swift in Sources */,
				F5119A7427EEFBCA00FEF9AC /* CalendarView.swift in Sources */,
				F5119A7027EEF65300FEF9AC /* Styles.swift in Sources */,
				F5119A7227EEFBA300FEF9AC /* HomeView.swift in Sources */,
				F5119A5E27EED46300FEF9AC /* CustomTabBarApp.swift in Sources */,
				F5119A7A27EEFE4800FEF9AC /* TabClipperShape.swift in Sources */,
				F5119A6E27EEECFA00FEF9AC /* Tab.swift in Sources */,
				F5119A7627EEFBF200FEF9AC /* NotificationsView.swift in Sources */,
			);
			runOnlyForDeploymentPostprocessing = 0;
		};
/* End PBXSourcesBuildPhase section */

/* Begin XCBuildConfiguration section */
		F5119A6627EED46700FEF9AC /* Debug */ = {
			isa = XCBuildConfiguration;
			buildSettings = {
				ALWAYS_SEARCH_USER_PATHS = NO;
				CLANG_ANALYZER_NONNULL = YES;
				CLANG_ANALYZER_NUMBER_OBJECT_CONVERSION = YES_AGGRESSIVE;
				CLANG_CXX_LANGUAGE_STANDARD = "gnu++17";
				CLANG_ENABLE_MODULES = YES;
				CLANG_ENABLE_OBJC_ARC = YES;
				CLANG_ENABLE_OBJC_WEAK = YES;
				CLANG_WARN_BLOCK_CAPTURE_AUTORELEASING = YES;
				CLANG_WARN_BOOL_CONVERSION = YES;
				CLANG_WARN_COMMA = YES;
				CLANG_WARN_CONSTANT_CONVERSION = YES;
				CLANG_WARN_DEPRECATED_OBJC_IMPLEMENTATIONS = YES;
				CLANG_WARN_DIRECT_OBJC_ISA_USAGE = YES_ERROR;
				CLANG_WARN_DOCUMENTATION_COMMENTS = YES;
				CLANG_WARN_EMPTY_BODY = YES;
				CLANG_WARN_ENUM_CONVERSION = YES;
				CLANG_WARN_INFINITE_RECURSION = YES;
				CLANG_WARN_INT_CONVERSION = YES;
				CLANG_WARN_NON_LITERAL_NULL_CONVERSION = YES;
				CLANG_WARN_OBJC_IMPLICIT_RETAIN_SELF = YES;
				CLANG_WARN_OBJC_LITERAL_CONVERSION = YES;
				CLANG_WARN_OBJC_ROOT_CLASS = YES_ERROR;
				CLANG_WARN_QUOTED_INCLUDE_IN_FRAMEWORK_HEADER = YES;
				CLANG_WARN_RANGE_LOOP_ANALYSIS = YES;
				CLANG_WARN_STRICT_PROTOTYPES = YES;
				CLANG_WARN_SUSPICIOUS_MOVE = YES;
				CLANG_WARN_UNGUARDED_AVAILABILITY = YES_AGGRESSIVE;
				CLANG_WARN_UNREACHABLE_CODE = YES;
				CLANG_WARN__DUPLICATE_METHOD_MATCH = YES;
				COPY_PHASE_STRIP = NO;
				DEBUG_INFORMATION_FORMAT = dwarf;
				ENABLE_STRICT_OBJC_MSGSEND = YES;
				ENABLE_TESTABILITY = YES;
				GCC_C_LANGUAGE_STANDARD = gnu11;
				GCC_DYNAMIC_NO_PIC = NO;
				GCC_NO_COMMON_BLOCKS = YES;
				GCC_OPTIMIZATION_LEVEL = 0;
				GCC_PREPROCESSOR_DEFINITIONS = (
					"DEBUG=1",
					"$(inherited)",
				);
				GCC_WARN_64_TO_32_BIT_CONVERSION = YES;
				GCC_WARN_ABOUT_RETURN_TYPE = YES_ERROR;
				GCC_WARN_UNDECLARED_SELECTOR = YES;
				GCC_WARN_UNINITIALIZED_AUTOS = YES_AGGRESSIVE;
				GCC_WARN_UNUSED_FUNCTION = YES;
				GCC_WARN_UNUSED_VARIABLE = YES;
				IPHONEOS_DEPLOYMENT_TARGET = 15.4;
				MTL_ENABLE_DEBUG_INFO = INCLUDE_SOURCE;
				MTL_FAST_MATH = YES;
				ONLY_ACTIVE_ARCH = YES;
				SDKROOT = iphoneos;
				SWIFT_ACTIVE_COMPILATION_CONDITIONS = DEBUG;
				SWIFT_OPTIMIZATION_LEVEL = "-Onone";
			};
			name = Debug;
		};
		F5119A6727EED46700FEF9AC /* Release */ = {
			isa = XCBuildConfiguration;
			buildSettings = {
				ALWAYS_SEARCH_USER_PATHS = NO;
				CLANG_ANALYZER_NONNULL = YES;
				CLANG_ANALYZER_NUMBER_OBJECT_CONVERSION = YES_AGGRESSIVE;
				CLANG_CXX_LANGUAGE_STANDARD = "gnu++17";
				CLANG_ENABLE_MODULES = YES;
				CLANG_ENABLE_OBJC_ARC = YES;
				CLANG_ENABLE_OBJC_WEAK = YES;
				CLANG_WARN_BLOCK_CAPTURE_AUTORELEASING = YES;
				CLANG_WARN_BOOL_CONVERSION = YES;
				CLANG_WARN_COMMA = YES;
				CLANG_WARN_CONSTANT_CONVERSION = YES;
				CLANG_WARN_DEPRECATED_OBJC_IMPLEMENTATIONS = YES;
				CLANG_WARN_DIRECT_OBJC_ISA_USAGE = YES_ERROR;
				CLANG_WARN_DOCUMENTATION_COMMENTS = YES;
				CLANG_WARN_EMPTY_BODY = YES;
				CLANG_WARN_ENUM_CONVERSION = YES;
				CLANG_WARN_INFINITE_RECURSION = YES;
				CLANG_WARN_INT_CONVERSION = YES;
				CLANG_WARN_NON_LITERAL_NULL_CONVERSION = YES;
				CLANG_WARN_OBJC_IMPLICIT_RETAIN_SELF = YES;
				CLANG_WARN_OBJC_LITERAL_CONVERSION = YES;
				CLANG_WARN_OBJC_ROOT_CLASS = YES_ERROR;
				CLANG_WARN_QUOTED_INCLUDE_IN_FRAMEWORK_HEADER = YES;
				CLANG_WARN_RANGE_LOOP_ANALYSIS = YES;
				CLANG_WARN_STRICT_PROTOTYPES = YES;
				CLANG_WARN_SUSPICIOUS_MOVE = YES;
				CLANG_WARN_UNGUARDED_AVAILABILITY = YES_AGGRESSIVE;
				CLANG_WARN_UNREACHABLE_CODE = YES;
				CLANG_WARN__DUPLICATE_METHOD_MATCH = YES;
				COPY_PHASE_STRIP = NO;
				DEBUG_INFORMATION_FORMAT = "dwarf-with-dsym";
				ENABLE_NS_ASSERTIONS = NO;
				ENABLE_STRICT_OBJC_MSGSEND = YES;
				GCC_C_LANGUAGE_STANDARD = gnu11;
				GCC_NO_COMMON_BLOCKS = YES;
				GCC_WARN_64_TO_32_BIT_CONVERSION = YES;
				GCC_WARN_ABOUT_RETURN_TYPE = YES_ERROR;
				GCC_WARN_UNDECLARED_SELECTOR = YES;
				GCC_WARN_UNINITIALIZED_AUTOS = YES_AGGRESSIVE;
				GCC_WARN_UNUSED_FUNCTION = YES;
				GCC_WARN_UNUSED_VARIABLE = YES;
				IPHONEOS_DEPLOYMENT_TARGET = 15.4;
				MTL_ENABLE_DEBUG_INFO = NO;
				MTL_FAST_MATH = YES;
				SDKROOT = iphoneos;
				SWIFT_COMPILATION_MODE = wholemodule;
				SWIFT_OPTIMIZATION_LEVEL = "-O";
				VALIDATE_PRODUCT = YES;
			};
			name = Release;
		};
		F5119A6927EED46700FEF9AC /* Debug */ = {
			isa = XCBuildConfiguration;
			buildSettings = {
				ASSETCATALOG_COMPILER_APPICON_NAME = AppIcon;
				ASSETCATALOG_COMPILER_GLOBAL_ACCENT_COLOR_NAME = AccentColor;
				CODE_SIGN_STYLE = Automatic;
				CURRENT_PROJECT_VERSION = 1;
				DEVELOPMENT_ASSET_PATHS = "\"CustomTabBar/Preview Content\"";
				DEVELOPMENT_TEAM = FH2427845K;
				ENABLE_PREVIEWS = YES;
				GENERATE_INFOPLIST_FILE = YES;
				INFOPLIST_KEY_UIApplicationSceneManifest_Generation = YES;
				INFOPLIST_KEY_UIApplicationSupportsIndirectInputEvents = YES;
				INFOPLIST_KEY_UILaunchScreen_Generation = YES;
				INFOPLIST_KEY_UISupportedInterfaceOrientations_iPad = "UIInterfaceOrientationPortrait UIInterfaceOrientationPortraitUpsideDown UIInterfaceOrientationLandscapeLeft UIInterfaceOrientationLandscapeRight";
				INFOPLIST_KEY_UISupportedInterfaceOrientations_iPhone = "UIInterfaceOrientationPortrait UIInterfaceOrientationLandscapeLeft UIInterfaceOrientationLandscapeRight";
				LD_RUNPATH_SEARCH_PATHS = (
					"$(inherited)",
					"@executable_path/Frameworks",
				);
				MARKETING_VERSION = 1.0;
				PRODUCT_BUNDLE_IDENTIFIER = cn.duoweibiaoge.CustomTabBar;
				PRODUCT_NAME = "$(TARGET_NAME)";
				SWIFT_EMIT_LOC_STRINGS = YES;
				SWIFT_VERSION = 5.0;
				TARGETED_DEVICE_FAMILY = "1,2";
			};
			name = Debug;
		};
		F5119A6A27EED46700FEF9AC /* Release */ = {
			isa = XCBuildConfiguration;
			buildSettings = {
				ASSETCATALOG_COMPILER_APPICON_NAME = AppIcon;
				ASSETCATALOG_COMPILER_GLOBAL_ACCENT_COLOR_NAME = AccentColor;
				CODE_SIGN_STYLE = Automatic;
				CURRENT_PROJECT_VERSION = 1;
				DEVELOPMENT_ASSET_PATHS = "\"CustomTabBar/Preview Content\"";
				DEVELOPMENT_TEAM = FH2427845K;
				ENABLE_PREVIEWS = YES;
				GENERATE_INFOPLIST_FILE = YES;
				INFOPLIST_KEY_UIApplicationSceneManifest_Generation = YES;
				INFOPLIST_KEY_UIApplicationSupportsIndirectInputEvents = YES;
				INFOPLIST_KEY_UILaunchScreen_Generation = YES;
				INFOPLIST_KEY_UISupportedInterfaceOrientations_iPad = "UIInterfaceOrientationPortrait UIInterfaceOrientationPortraitUpsideDown UIInterfaceOrientationLandscapeLeft UIInterfaceOrientationLandscapeRight";
				INFOPLIST_KEY_UISupportedInterfaceOrientations_iPhone = "UIInterfaceOrientationPortrait UIInterfaceOrientationLandscapeLeft UIInterfaceOrientationLandscapeRight";
				LD_RUNPATH_SEARCH_PATHS = (
					"$(inherited)",
					"@executable_path/Frameworks",
				);
				MARKETING_VERSION = 1.0;
				PRODUCT_BUNDLE_IDENTIFIER = cn.duoweibiaoge.CustomTabBar;
				PRODUCT_NAME = "$(TARGET_NAME)";
				SWIFT_EMIT_LOC_STRINGS = YES;
				SWIFT_VERSION = 5.0;
				TARGETED_DEVICE_FAMILY = "1,2";
			};
			name = Release;
		};
/* End XCBuildConfiguration section */

/* Begin XCConfigurationList section */
		F5119A5527EED46300FEF9AC /* Build configuration list for PBXProject "CustomTabBar" */ = {
			isa = XCConfigurationList;
			buildConfigurations = (
				F5119A6627EED46700FEF9AC /* Debug */,
				F5119A6727EED46700FEF9AC /* Release */,
			);
			defaultConfigurationIsVisible = 0;
			defaultConfigurationName = Release;
		};
		F5119A6827EED46700FEF9AC /* Build configuration list for PBXNativeTarget "CustomTabBar" */ = {
			isa = XCConfigurationList;
			buildConfigurations = (
				F5119A6927EED46700FEF9AC /* Debug */,
				F5119A6A27EED46700FEF9AC /* Release */,
			);
			defaultConfigurationIsVisible = 0;
			defaultConfigurationName = Release;
		};
/* End XCConfigurationList section */
	};
	rootObject = F5119A5227EED46300FEF9AC /* Project object */;
}
